// !$*UTF8*$!
{
	archiveVersion = 1;
	classes = {
	};
	objectVersion = 56;
	objects = {

/* Begin PBXBuildFile section */
		8DFFE7A02C5ABB1100EA6F70 /* DessertRecipesApp.swift in Sources */ = {isa = PBXBuildFile; fileRef = 8DFFE79F2C5ABB1100EA6F70 /* DessertRecipesApp.swift */; };
		8DFFE7A62C5ABB1300EA6F70 /* Assets.xcassets in Resources */ = {isa = PBXBuildFile; fileRef = 8DFFE7A52C5ABB1300EA6F70 /* Assets.xcassets */; };
		8DFFE7A92C5ABB1300EA6F70 /* Preview Assets.xcassets in Resources */ = {isa = PBXBuildFile; fileRef = 8DFFE7A82C5ABB1300EA6F70 /* Preview Assets.xcassets */; };
		8DFFE7B12C5ABBBA00EA6F70 /* MealModel.swift in Sources */ = {isa = PBXBuildFile; fileRef = 8DFFE7B02C5ABBBA00EA6F70 /* MealModel.swift */; };
		8DFFE7B52C5ABC3200EA6F70 /* MealListViewModel.swift in Sources */ = {isa = PBXBuildFile; fileRef = 8DFFE7B42C5ABC3100EA6F70 /* MealListViewModel.swift */; };
		8DFFE7B72C5ABC5500EA6F70 /* MealListView.swift in Sources */ = {isa = PBXBuildFile; fileRef = 8DFFE7B62C5ABC5500EA6F70 /* MealListView.swift */; };
		8DFFE7B92C5ABC7E00EA6F70 /* MealDetailView.swift in Sources */ = {isa = PBXBuildFile; fileRef = 8DFFE7B82C5ABC7E00EA6F70 /* MealDetailView.swift */; };
		8DFFE7BB2C5AC54F00EA6F70 /* MealDetailViewModel.swift in Sources */ = {isa = PBXBuildFile; fileRef = 8DFFE7BA2C5AC54F00EA6F70 /* MealDetailViewModel.swift */; };
		8DFFE7BE2C5AC58000EA6F70 /* MealDetailModel.swift in Sources */ = {isa = PBXBuildFile; fileRef = 8DFFE7BD2C5AC58000EA6F70 /* MealDetailModel.swift */; };
		8DFFE7C62C5AD18100EA6F70 /* APIManager.swift in Sources */ = {isa = PBXBuildFile; fileRef = 8DFFE7C52C5AD18100EA6F70 /* APIManager.swift */; };
		8DFFE7C92C5AD3DB00EA6F70 /* applogo.jpg in Resources */ = {isa = PBXBuildFile; fileRef = 8DFFE7C82C5AD3DB00EA6F70 /* applogo.jpg */; };
		8DFFE7CB2C5AD52200EA6F70 /* README.md in Resources */ = {isa = PBXBuildFile; fileRef = 8DFFE7CA2C5AD52200EA6F70 /* README.md */; };
/* End PBXBuildFile section */

/* Begin PBXFileReference section */
		8DFFE79C2C5ABB1100EA6F70 /* DessertRecipes.app */ = {isa = PBXFileReference; explicitFileType = wrapper.application; includeInIndex = 0; path = DessertRecipes.app; sourceTree = BUILT_PRODUCTS_DIR; };
		8DFFE79F2C5ABB1100EA6F70 /* DessertRecipesApp.swift */ = {isa = PBXFileReference; lastKnownFileType = sourcecode.swift; path = DessertRecipesApp.swift; sourceTree = "<group>"; };
		8DFFE7A52C5ABB1300EA6F70 /* Assets.xcassets */ = {isa = PBXFileReference; lastKnownFileType = folder.assetcatalog; path = Assets.xcassets; sourceTree = "<group>"; };
		8DFFE7A82C5ABB1300EA6F70 /* Preview Assets.xcassets */ = {isa = PBXFileReference; lastKnownFileType = folder.assetcatalog; path = "Preview Assets.xcassets"; sourceTree = "<group>"; };
		8DFFE7B02C5ABBBA00EA6F70 /* MealModel.swift */ = {isa = PBXFileReference; lastKnownFileType = sourcecode.swift; path = MealModel.swift; sourceTree = "<group>"; };
		8DFFE7B42C5ABC3100EA6F70 /* MealListViewModel.swift */ = {isa = PBXFileReference; lastKnownFileType = sourcecode.swift; path = MealListViewModel.swift; sourceTree = "<group>"; };
		8DFFE7B62C5ABC5500EA6F70 /* MealListView.swift */ = {isa = PBXFileReference; lastKnownFileType = sourcecode.swift; path = MealListView.swift; sourceTree = "<group>"; };
		8DFFE7B82C5ABC7E00EA6F70 /* MealDetailView.swift */ = {isa = PBXFileReference; lastKnownFileType = sourcecode.swift; path = MealDetailView.swift; sourceTree = "<group>"; };
		8DFFE7BA2C5AC54F00EA6F70 /* MealDetailViewModel.swift */ = {isa = PBXFileReference; lastKnownFileType = sourcecode.swift; path = MealDetailViewModel.swift; sourceTree = "<group>"; };
		8DFFE7BD2C5AC58000EA6F70 /* MealDetailModel.swift */ = {isa = PBXFileReference; lastKnownFileType = sourcecode.swift; path = MealDetailModel.swift; sourceTree = "<group>"; };
		8DFFE7C52C5AD18100EA6F70 /* APIManager.swift */ = {isa = PBXFileReference; lastKnownFileType = sourcecode.swift; path = APIManager.swift; sourceTree = "<group>"; };
		8DFFE7C82C5AD3DB00EA6F70 /* applogo.jpg */ = {isa = PBXFileReference; lastKnownFileType = image.jpeg; path = applogo.jpg; sourceTree = "<group>"; };
		8DFFE7CA2C5AD52200EA6F70 /* README.md */ = {isa = PBXFileReference; lastKnownFileType = net.daringfireball.markdown; path = README.md; sourceTree = "<group>"; };
/* End PBXFileReference section */

/* Begin PBXFrameworksBuildPhase section */
		8DFFE7992C5ABB1100EA6F70 /* Frameworks */ = {
			isa = PBXFrameworksBuildPhase;
			buildActionMask = 2147483647;
			files = (
			);
			runOnlyForDeploymentPostprocessing = 0;
		};
/* End PBXFrameworksBuildPhase section */

/* Begin PBXGroup section */
		8DFFE7932C5ABB1100EA6F70 = {
			isa = PBXGroup;
			children = (
				8DFFE79E2C5ABB1100EA6F70 /* DessertRecipes */,
				8DFFE79D2C5ABB1100EA6F70 /* Products */,
			);
			sourceTree = "<group>";
		};
		8DFFE79D2C5ABB1100EA6F70 /* Products */ = {
			isa = PBXGroup;
			children = (
				8DFFE79C2C5ABB1100EA6F70 /* DessertRecipes.app */,
			);
			name = Products;
			sourceTree = "<group>";
		};
		8DFFE79E2C5ABB1100EA6F70 /* DessertRecipes */ = {
			isa = PBXGroup;
			children = (
				8DFFE7C72C5AD3A700EA6F70 /* Static */,
				8DFFE7C42C5AD16700EA6F70 /* Controller */,
				8DFFE7C02C5AC5B000EA6F70 /* View */,
				8DFFE7BC2C5AC55D00EA6F70 /* ViewModel */,
				8DFFE7AF2C5ABBA100EA6F70 /* Model */,
				8DFFE79F2C5ABB1100EA6F70 /* DessertRecipesApp.swift */,
				8DFFE7A52C5ABB1300EA6F70 /* Assets.xcassets */,
				8DFFE7A72C5ABB1300EA6F70 /* Preview Content */,
				8DFFE7CA2C5AD52200EA6F70 /* README.md */,
			);
			path = DessertRecipes;
			sourceTree = "<group>";
		};
		8DFFE7A72C5ABB1300EA6F70 /* Preview Content */ = {
			isa = PBXGroup;
			children = (
				8DFFE7A82C5ABB1300EA6F70 /* Preview Assets.xcassets */,
			);
			path = "Preview Content";
			sourceTree = "<group>";
		};
		8DFFE7AF2C5ABBA100EA6F70 /* Model */ = {
			isa = PBXGroup;
			children = (
				8DFFE7B02C5ABBBA00EA6F70 /* MealModel.swift */,
				8DFFE7BD2C5AC58000EA6F70 /* MealDetailModel.swift */,
			);
			path = Model;
			sourceTree = "<group>";
		};
		8DFFE7BC2C5AC55D00EA6F70 /* ViewModel */ = {
			isa = PBXGroup;
			children = (
				8DFFE7B42C5ABC3100EA6F70 /* MealListViewModel.swift */,
				8DFFE7BA2C5AC54F00EA6F70 /* MealDetailViewModel.swift */,
			);
			path = ViewModel;
			sourceTree = "<group>";
		};
		8DFFE7C02C5AC5B000EA6F70 /* View */ = {
			isa = PBXGroup;
			children = (
				8DFFE7B82C5ABC7E00EA6F70 /* MealDetailView.swift */,
				8DFFE7B62C5ABC5500EA6F70 /* MealListView.swift */,
			);
			path = View;
			sourceTree = "<group>";
		};
		8DFFE7C42C5AD16700EA6F70 /* Controller */ = {
			isa = PBXGroup;
			children = (
				8DFFE7C52C5AD18100EA6F70 /* APIManager.swift */,
			);
			path = Controller;
			sourceTree = "<group>";
		};
		8DFFE7C72C5AD3A700EA6F70 /* Static */ = {
			isa = PBXGroup;
			children = (
				8DFFE7C82C5AD3DB00EA6F70 /* applogo.jpg */,
			);
			path = Static;
			sourceTree = "<group>";
		};
/* End PBXGroup section */

/* Begin PBXNativeTarget section */
		8DFFE79B2C5ABB1100EA6F70 /* DessertRecipes */ = {
			isa = PBXNativeTarget;
			buildConfigurationList = 8DFFE7AC2C5ABB1300EA6F70 /* Build configuration list for PBXNativeTarget "DessertRecipes" */;
			buildPhases = (
				8DFFE7982C5ABB1100EA6F70 /* Sources */,
				8DFFE7992C5ABB1100EA6F70 /* Frameworks */,
				8DFFE79A2C5ABB1100EA6F70 /* Resources */,
			);
			buildRules = (
			);
			dependencies = (
			);
			name = DessertRecipes;
			productName = DessertRecipes;
			productReference = 8DFFE79C2C5ABB1100EA6F70 /* DessertRecipes.app */;
			productType = "com.apple.product-type.application";
		};
/* End PBXNativeTarget section */

/* Begin PBXProject section */
		8DFFE7942C5ABB1100EA6F70 /* Project object */ = {
			isa = PBXProject;
			attributes = {
				BuildIndependentTargetsInParallel = 1;
				LastSwiftUpdateCheck = 1540;
				LastUpgradeCheck = 1540;
				TargetAttributes = {
					8DFFE79B2C5ABB1100EA6F70 = {
						CreatedOnToolsVersion = 15.4;
					};
				};
			};
			buildConfigurationList = 8DFFE7972C5ABB1100EA6F70 /* Build configuration list for PBXProject "DessertRecipes" */;
			compatibilityVersion = "Xcode 14.0";
			developmentRegion = en;
			hasScannedForEncodings = 0;
			knownRegions = (
				en,
				Base,
			);
			mainGroup = 8DFFE7932C5ABB1100EA6F70;
			productRefGroup = 8DFFE79D2C5ABB1100EA6F70 /* Products */;
			projectDirPath = "";
			projectRoot = "";
			targets = (
				8DFFE79B2C5ABB1100EA6F70 /* DessertRecipes */,
			);
		};
/* End PBXProject section */

/* Begin PBXResourcesBuildPhase section */
		8DFFE79A2C5ABB1100EA6F70 /* Resources */ = {
			isa = PBXResourcesBuildPhase;
			buildActionMask = 2147483647;
			files = (
				8DFFE7C92C5AD3DB00EA6F70 /* applogo.jpg in Resources */,
				8DFFE7A92C5ABB1300EA6F70 /* Preview Assets.xcassets in Resources */,
				8DFFE7CB2C5AD52200EA6F70 /* README.md in Resources */,
				8DFFE7A62C5ABB1300EA6F70 /* Assets.xcassets in Resources */,
			);
			runOnlyForDeploymentPostprocessing = 0;
		};
/* End PBXResourcesBuildPhase section */

/* Begin PBXSourcesBuildPhase section */
		8DFFE7982C5ABB1100EA6F70 /* Sources */ = {
			isa = PBXSourcesBuildPhase;
			buildActionMask = 2147483647;
			files = (
				8DFFE7B12C5ABBBA00EA6F70 /* MealModel.swift in Sources */,
				8DFFE7A02C5ABB1100EA6F70 /* DessertRecipesApp.swift in Sources */,
				8DFFE7B92C5ABC7E00EA6F70 /* MealDetailView.swift in Sources */,
				8DFFE7C62C5AD18100EA6F70 /* APIManager.swift in Sources */,
				8DFFE7BE2C5AC58000EA6F70 /* MealDetailModel.swift in Sources */,
				8DFFE7B72C5ABC5500EA6F70 /* MealListView.swift in Sources */,
				8DFFE7BB2C5AC54F00EA6F70 /* MealDetailViewModel.swift in Sources */,
				8DFFE7B52C5ABC3200EA6F70 /* MealListViewModel.swift in Sources */,
			);
			runOnlyForDeploymentPostprocessing = 0;
		};
/* End PBXSourcesBuildPhase section */

/* Begin XCBuildConfiguration section */
		8DFFE7AA2C5ABB1300EA6F70 /* Debug */ = {
			isa = XCBuildConfiguration;
			buildSettings = {
				ALWAYS_SEARCH_USER_PATHS = NO;
				ASSETCATALOG_COMPILER_GENERATE_SWIFT_ASSET_SYMBOL_EXTENSIONS = YES;
				CLANG_ANALYZER_NONNULL = YES;
				CLANG_ANALYZER_NUMBER_OBJECT_CONVERSION = YES_AGGRESSIVE;
				CLANG_CXX_LANGUAGE_STANDARD = "gnu++20";
				CLANG_ENABLE_MODULES = YES;
				CLANG_ENABLE_OBJC_ARC = YES;
				CLANG_ENABLE_OBJC_WEAK = YES;
				CLANG_WARN_BLOCK_CAPTURE_AUTORELEASING = YES;
				CLANG_WARN_BOOL_CONVERSION = YES;
				CLANG_WARN_COMMA = YES;
				CLANG_WARN_CONSTANT_CONVERSION = YES;
				CLANG_WARN_DEPRECATED_OBJC_IMPLEMENTATIONS = YES;
				CLANG_WARN_DIRECT_OBJC_ISA_USAGE = YES_ERROR;
				CLANG_WARN_DOCUMENTATION_COMMENTS = YES;
				CLANG_WARN_EMPTY_BODY = YES;
				CLANG_WARN_ENUM_CONVERSION = YES;
				CLANG_WARN_INFINITE_RECURSION = YES;
				CLANG_WARN_INT_CONVERSION = YES;
				CLANG_WARN_NON_LITERAL_NULL_CONVERSION = YES;
				CLANG_WARN_OBJC_IMPLICIT_RETAIN_SELF = YES;
				CLANG_WARN_OBJC_LITERAL_CONVERSION = YES;
				CLANG_WARN_OBJC_ROOT_CLASS = YES_ERROR;
				CLANG_WARN_QUOTED_INCLUDE_IN_FRAMEWORK_HEADER = YES;
				CLANG_WARN_RANGE_LOOP_ANALYSIS = YES;
				CLANG_WARN_STRICT_PROTOTYPES = YES;
				CLANG_WARN_SUSPICIOUS_MOVE = YES;
				CLANG_WARN_UNGUARDED_AVAILABILITY = YES_AGGRESSIVE;
				CLANG_WARN_UNREACHABLE_CODE = YES;
				CLANG_WARN__DUPLICATE_METHOD_MATCH = YES;
				COPY_PHASE_STRIP = NO;
				DEBUG_INFORMATION_FORMAT = dwarf;
				ENABLE_STRICT_OBJC_MSGSEND = YES;
				ENABLE_TESTABILITY = YES;
				ENABLE_USER_SCRIPT_SANDBOXING = YES;
				GCC_C_LANGUAGE_STANDARD = gnu17;
				GCC_DYNAMIC_NO_PIC = NO;
				GCC_NO_COMMON_BLOCKS = YES;
				GCC_OPTIMIZATION_LEVEL = 0;
				GCC_PREPROCESSOR_DEFINITIONS = (
					"DEBUG=1",
					"$(inherited)",
				);
				GCC_WARN_64_TO_32_BIT_CONVERSION = YES;
				GCC_WARN_ABOUT_RETURN_TYPE = YES_ERROR;
				GCC_WARN_UNDECLARED_SELECTOR = YES;
				GCC_WARN_UNINITIALIZED_AUTOS = YES_AGGRESSIVE;
				GCC_WARN_UNUSED_FUNCTION = YES;
				GCC_WARN_UNUSED_VARIABLE = YES;
				IPHONEOS_DEPLOYMENT_TARGET = 17.5;
				LOCALIZATION_PREFERS_STRING_CATALOGS = YES;
				MTL_ENABLE_DEBUG_INFO = INCLUDE_SOURCE;
				MTL_FAST_MATH = YES;
				ONLY_ACTIVE_ARCH = YES;
				SDKROOT = iphoneos;
				SWIFT_ACTIVE_COMPILATION_CONDITIONS = "DEBUG $(inherited)";
				SWIFT_OPTIMIZATION_LEVEL = "-Onone";
			};
			name = Debug;
		};
		8DFFE7AB2C5ABB1300EA6F70 /* Release */ = {
			isa = XCBuildConfiguration;
			buildSettings = {
				ALWAYS_SEARCH_USER_PATHS = NO;
				ASSETCATALOG_COMPILER_GENERATE_SWIFT_ASSET_SYMBOL_EXTENSIONS = YES;
				CLANG_ANALYZER_NONNULL = YES;
				CLANG_ANALYZER_NUMBER_OBJECT_CONVERSION = YES_AGGRESSIVE;
				CLANG_CXX_LANGUAGE_STANDARD = "gnu++20";
				CLANG_ENABLE_MODULES = YES;
				CLANG_ENABLE_OBJC_ARC = YES;
				CLANG_ENABLE_OBJC_WEAK = YES;
				CLANG_WARN_BLOCK_CAPTURE_AUTORELEASING = YES;
				CLANG_WARN_BOOL_CONVERSION = YES;
				CLANG_WARN_COMMA = YES;
				CLANG_WARN_CONSTANT_CONVERSION = YES;
				CLANG_WARN_DEPRECATED_OBJC_IMPLEMENTATIONS = YES;
				CLANG_WARN_DIRECT_OBJC_ISA_USAGE = YES_ERROR;
				CLANG_WARN_DOCUMENTATION_COMMENTS = YES;
				CLANG_WARN_EMPTY_BODY = YES;
				CLANG_WARN_ENUM_CONVERSION = YES;
				CLANG_WARN_INFINITE_RECURSION = YES;
				CLANG_WARN_INT_CONVERSION = YES;
				CLANG_WARN_NON_LITERAL_NULL_CONVERSION = YES;
				CLANG_WARN_OBJC_IMPLICIT_RETAIN_SELF = YES;
				CLANG_WARN_OBJC_LITERAL_CONVERSION = YES;
				CLANG_WARN_OBJC_ROOT_CLASS = YES_ERROR;
				CLANG_WARN_QUOTED_INCLUDE_IN_FRAMEWORK_HEADER = YES;
				CLANG_WARN_RANGE_LOOP_ANALYSIS = YES;
				CLANG_WARN_STRICT_PROTOTYPES = YES;
				CLANG_WARN_SUSPICIOUS_MOVE = YES;
				CLANG_WARN_UNGUARDED_AVAILABILITY = YES_AGGRESSIVE;
				CLANG_WARN_UNREACHABLE_CODE = YES;
				CLANG_WARN__DUPLICATE_METHOD_MATCH = YES;
				COPY_PHASE_STRIP = NO;
				DEBUG_INFORMATION_FORMAT = "dwarf-with-dsym";
				ENABLE_NS_ASSERTIONS = NO;
				ENABLE_STRICT_OBJC_MSGSEND = YES;
				ENABLE_USER_SCRIPT_SANDBOXING = YES;
				GCC_C_LANGUAGE_STANDARD = gnu17;
				GCC_NO_COMMON_BLOCKS = YES;
				GCC_WARN_64_TO_32_BIT_CONVERSION = YES;
				GCC_WARN_ABOUT_RETURN_TYPE = YES_ERROR;
				GCC_WARN_UNDECLARED_SELECTOR = YES;
				GCC_WARN_UNINITIALIZED_AUTOS = YES_AGGRESSIVE;
				GCC_WARN_UNUSED_FUNCTION = YES;
				GCC_WARN_UNUSED_VARIABLE = YES;
				IPHONEOS_DEPLOYMENT_TARGET = 17.5;
				LOCALIZATION_PREFERS_STRING_CATALOGS = YES;
				MTL_ENABLE_DEBUG_INFO = NO;
				MTL_FAST_MATH = YES;
				SDKROOT = iphoneos;
				SWIFT_COMPILATION_MODE = wholemodule;
				VALIDATE_PRODUCT = YES;
			};
			name = Release;
		};
		8DFFE7AD2C5ABB1300EA6F70 /* Debug */ = {
			isa = XCBuildConfiguration;
			buildSettings = {
				ASSETCATALOG_COMPILER_APPICON_NAME = AppIcon;
				ASSETCATALOG_COMPILER_GLOBAL_ACCENT_COLOR_NAME = AccentColor;
				CODE_SIGN_STYLE = Automatic;
				CURRENT_PROJECT_VERSION = 1;
				DEVELOPMENT_ASSET_PATHS = "\"DessertRecipes/Preview Content\"";
				DEVELOPMENT_TEAM = UF5Y82QBX9;
				ENABLE_PREVIEWS = YES;
				GENERATE_INFOPLIST_FILE = YES;
				INFOPLIST_KEY_UIApplicationSceneManifest_Generation = YES;
				INFOPLIST_KEY_UIApplicationSupportsIndirectInputEvents = YES;
				INFOPLIST_KEY_UILaunchScreen_Generation = YES;
				INFOPLIST_KEY_UISupportedInterfaceOrientations_iPad = "UIInterfaceOrientationPortrait UIInterfaceOrientationPortraitUpsideDown UIInterfaceOrientationLandscapeLeft UIInterfaceOrientationLandscapeRight";
				INFOPLIST_KEY_UISupportedInterfaceOrientations_iPhone = "UIInterfaceOrientationPortrait UIInterfaceOrientationLandscapeLeft UIInterfaceOrientationLandscapeRight";
				LD_RUNPATH_SEARCH_PATHS = (
					"$(inherited)",
					"@executable_path/Frameworks",
				);
				MARKETING_VERSION = 1.0;
				PRODUCT_BUNDLE_IDENTIFIER = syr.edu.DessertRecipes;
				PRODUCT_NAME = "$(TARGET_NAME)";
				SWIFT_EMIT_LOC_STRINGS = YES;
				SWIFT_VERSION = 5.0;
				TARGETED_DEVICE_FAMILY = "1,2";
			};
			name = Debug;
		};
		8DFFE7AE2C5ABB1300EA6F70 /* Release */ = {
			isa = XCBuildConfiguration;
			buildSettings = {
				ASSETCATALOG_COMPILER_APPICON_NAME = AppIcon;
				ASSETCATALOG_COMPILER_GLOBAL_ACCENT_COLOR_NAME = AccentColor;
				CODE_SIGN_STYLE = Automatic;
				CURRENT_PROJECT_VERSION = 1;
				DEVELOPMENT_ASSET_PATHS = "\"DessertRecipes/Preview Content\"";
				DEVELOPMENT_TEAM = UF5Y82QBX9;
				ENABLE_PREVIEWS = YES;
				GENERATE_INFOPLIST_FILE = YES;
				INFOPLIST_KEY_UIApplicationSceneManifest_Generation = YES;
				INFOPLIST_KEY_UIApplicationSupportsIndirectInputEvents = YES;
				INFOPLIST_KEY_UILaunchScreen_Generation = YES;
				INFOPLIST_KEY_UISupportedInterfaceOrientations_iPad = "UIInterfaceOrientationPortrait UIInterfaceOrientationPortraitUpsideDown UIInterfaceOrientationLandscapeLeft UIInterfaceOrientationLandscapeRight";
				INFOPLIST_KEY_UISupportedInterfaceOrientations_iPhone = "UIInterfaceOrientationPortrait UIInterfaceOrientationLandscapeLeft UIInterfaceOrientationLandscapeRight";
				LD_RUNPATH_SEARCH_PATHS = (
					"$(inherited)",
					"@executable_path/Frameworks",
				);
				MARKETING_VERSION = 1.0;
				PRODUCT_BUNDLE_IDENTIFIER = syr.edu.DessertRecipes;
				PRODUCT_NAME = "$(TARGET_NAME)";
				SWIFT_EMIT_LOC_STRINGS = YES;
				SWIFT_VERSION = 5.0;
				TARGETED_DEVICE_FAMILY = "1,2";
			};
			name = Release;
		};
/* End XCBuildConfiguration section */

/* Begin XCConfigurationList section */
		8DFFE7972C5ABB1100EA6F70 /* Build configuration list for PBXProject "DessertRecipes" */ = {
			isa = XCConfigurationList;
			buildConfigurations = (
				8DFFE7AA2C5ABB1300EA6F70 /* Debug */,
				8DFFE7AB2C5ABB1300EA6F70 /* Release */,
			);
			defaultConfigurationIsVisible = 0;
			defaultConfigurationName = Release;
		};
		8DFFE7AC2C5ABB1300EA6F70 /* Build configuration list for PBXNativeTarget "DessertRecipes" */ = {
			isa = XCConfigurationList;
			buildConfigurations = (
				8DFFE7AD2C5ABB1300EA6F70 /* Debug */,
				8DFFE7AE2C5ABB1300EA6F70 /* Release */,
			);
			defaultConfigurationIsVisible = 0;
			defaultConfigurationName = Release;
		};
/* End XCConfigurationList section */
	};
	rootObject = 8DFFE7942C5ABB1100EA6F70 /* Project object */;
}
